// !$*UTF8*$!
{
	archiveVersion = 1;
	classes = {
	};
	objectVersion = 46;
	objects = {

/* Begin PBXBuildFile section */
		0B2FA36E1D6862550002BA41 /* AppDelegate.swift in Sources */ = {isa = PBXBuildFile; fileRef = 0B2FA36D1D6862550002BA41 /* AppDelegate.swift */; };
		0B2FA3701D6862550002BA41 /* ViewController.swift in Sources */ = {isa = PBXBuildFile; fileRef = 0B2FA36F1D6862550002BA41 /* ViewController.swift */; };
		0B2FA3731D6862550002BA41 /* Main.storyboard in Resources */ = {isa = PBXBuildFile; fileRef = 0B2FA3711D6862550002BA41 /* Main.storyboard */; };
		0B2FA3751D6862550002BA41 /* Assets.xcassets in Resources */ = {isa = PBXBuildFile; fileRef = 0B2FA3741D6862550002BA41 /* Assets.xcassets */; };
		0B2FA3781D6862550002BA41 /* LaunchScreen.storyboard in Resources */ = {isa = PBXBuildFile; fileRef = 0B2FA3761D6862550002BA41 /* LaunchScreen.storyboard */; };
		0B2FA3831D6862550002BA41 /* LolTests.swift in Sources */ = {isa = PBXBuildFile; fileRef = 0B2FA3821D6862550002BA41 /* LolTests.swift */; };
		0B2FA38E1D6862550002BA41 /* LolUITests.swift in Sources */ = {isa = PBXBuildFile; fileRef = 0B2FA38D1D6862550002BA41 /* LolUITests.swift */; };
/* End PBXBuildFile section */

/* Begin PBXContainerItemProxy section */
		0B2FA37F1D6862550002BA41 /* PBXContainerItemProxy */ = {
			isa = PBXContainerItemProxy;
			containerPortal = 0B2FA3621D6862550002BA41 /* Project object */;
			proxyType = 1;
			remoteGlobalIDString = 0B2FA3691D6862550002BA41;
			remoteInfo = Lol;
		};
		0B2FA38A1D6862550002BA41 /* PBXContainerItemProxy */ = {
			isa = PBXContainerItemProxy;
			containerPortal = 0B2FA3621D6862550002BA41 /* Project object */;
			proxyType = 1;
			remoteGlobalIDString = 0B2FA3691D6862550002BA41;
			remoteInfo = Lol;
		};
/* End PBXContainerItemProxy section */

/* Begin PBXFileReference section */
		0B2FA36A1D6862550002BA41 /* Lol.app */ = {isa = PBXFileReference; explicitFileType = wrapper.application; includeInIndex = 0; path = Lol.app; sourceTree = BUILT_PRODUCTS_DIR; };
		0B2FA36D1D6862550002BA41 /* AppDelegate.swift */ = {isa = PBXFileReference; lastKnownFileType = sourcecode.swift; path = AppDelegate.swift; sourceTree = "<group>"; };
		0B2FA36F1D6862550002BA41 /* ViewController.swift */ = {isa = PBXFileReference; lastKnownFileType = sourcecode.swift; path = ViewController.swift; sourceTree = "<group>"; };
		0B2FA3721D6862550002BA41 /* Base */ = {isa = PBXFileReference; lastKnownFileType = file.storyboard; name = Base; path = Base.lproj/Main.storyboard; sourceTree = "<group>"; };
		0B2FA3741D6862550002BA41 /* Assets.xcassets */ = {isa = PBXFileReference; lastKnownFileType = folder.assetcatalog; path = Assets.xcassets; sourceTree = "<group>"; };
		0B2FA3771D6862550002BA41 /* Base */ = {isa = PBXFileReference; lastKnownFileType = file.storyboard; name = Base; path = Base.lproj/LaunchScreen.storyboard; sourceTree = "<group>"; };
		0B2FA3791D6862550002BA41 /* Info.plist */ = {isa = PBXFileReference; lastKnownFileType = text.plist.xml; path = Info.plist; sourceTree = "<group>"; };
		0B2FA37E1D6862550002BA41 /* LolTests.xctest */ = {isa = PBXFileReference; explicitFileType = wrapper.cfbundle; includeInIndex = 0; path = LolTests.xctest; sourceTree = BUILT_PRODUCTS_DIR; };
		0B2FA3821D6862550002BA41 /* LolTests.swift */ = {isa = PBXFileReference; lastKnownFileType = sourcecode.swift; path = LolTests.swift; sourceTree = "<group>"; };
		0B2FA3841D6862550002BA41 /* Info.plist */ = {isa = PBXFileReference; lastKnownFileType = text.plist.xml; path = Info.plist; sourceTree = "<group>"; };
		0B2FA3891D6862550002BA41 /* LolUITests.xctest */ = {isa = PBXFileReference; explicitFileType = wrapper.cfbundle; includeInIndex = 0; path = LolUITests.xctest; sourceTree = BUILT_PRODUCTS_DIR; };
		0B2FA38D1D6862550002BA41 /* LolUITests.swift */ = {isa = PBXFileReference; lastKnownFileType = sourcecode.swift; path = LolUITests.swift; sourceTree = "<group>"; };
		0B2FA38F1D6862550002BA41 /* Info.plist */ = {isa = PBXFileReference; lastKnownFileType = text.plist.xml; path = Info.plist; sourceTree = "<group>"; };
/* End PBXFileReference section */

/* Begin PBXFrameworksBuildPhase section */
		0B2FA3671D6862550002BA41 /* Frameworks */ = {
			isa = PBXFrameworksBuildPhase;
			buildActionMask = 2147483647;
			files = (
			);
			runOnlyForDeploymentPostprocessing = 0;
		};
		0B2FA37B1D6862550002BA41 /* Frameworks */ = {
			isa = PBXFrameworksBuildPhase;
			buildActionMask = 2147483647;
			files = (
			);
			runOnlyForDeploymentPostprocessing = 0;
		};
		0B2FA3861D6862550002BA41 /* Frameworks */ = {
			isa = PBXFrameworksBuildPhase;
			buildActionMask = 2147483647;
			files = (
			);
			runOnlyForDeploymentPostprocessing = 0;
		};
/* End PBXFrameworksBuildPhase section */

/* Begin PBXGroup section */
		0B2FA3611D6862550002BA41 = {
			isa = PBXGroup;
			children = (
				0B2FA36C1D6862550002BA41 /* Lol */,
				0B2FA3811D6862550002BA41 /* LolTests */,
				0B2FA38C1D6862550002BA41 /* LolUITests */,
				0B2FA36B1D6862550002BA41 /* Products */,
			);
			sourceTree = "<group>";
		};
		0B2FA36B1D6862550002BA41 /* Products */ = {
			isa = PBXGroup;
			children = (
				0B2FA36A1D6862550002BA41 /* Lol.app */,
				0B2FA37E1D6862550002BA41 /* LolTests.xctest */,
				0B2FA3891D6862550002BA41 /* LolUITests.xctest */,
			);
			name = Products;
			sourceTree = "<group>";
		};
		0B2FA36C1D6862550002BA41 /* Lol */ = {
			isa = PBXGroup;
			children = (
				0B2FA36D1D6862550002BA41 /* AppDelegate.swift */,
				0B2FA36F1D6862550002BA41 /* ViewController.swift */,
				0B2FA3711D6862550002BA41 /* Main.storyboard */,
				0B2FA3741D6862550002BA41 /* Assets.xcassets */,
				0B2FA3761D6862550002BA41 /* LaunchScreen.storyboard */,
				0B2FA3791D6862550002BA41 /* Info.plist */,
			);
			path = Lol;
			sourceTree = "<group>";
		};
		0B2FA3811D6862550002BA41 /* LolTests */ = {
			isa = PBXGroup;
			children = (
				0B2FA3821D6862550002BA41 /* LolTests.swift */,
				0B2FA3841D6862550002BA41 /* Info.plist */,
			);
			path = LolTests;
			sourceTree = "<group>";
		};
		0B2FA38C1D6862550002BA41 /* LolUITests */ = {
			isa = PBXGroup;
			children = (
				0B2FA38D1D6862550002BA41 /* LolUITests.swift */,
				0B2FA38F1D6862550002BA41 /* Info.plist */,
			);
			path = LolUITests;
			sourceTree = "<group>";
		};
/* End PBXGroup section */

/* Begin PBXNativeTarget section */
		0B2FA3691D6862550002BA41 /* Lol */ = {
			isa = PBXNativeTarget;
			buildConfigurationList = 0B2FA3921D6862550002BA41 /* Build configuration list for PBXNativeTarget "Lol" */;
			buildPhases = (
				0B2FA3661D6862550002BA41 /* Sources */,
				0B2FA3671D6862550002BA41 /* Frameworks */,
				0B2FA3681D6862550002BA41 /* Resources */,
			);
			buildRules = (
			);
			dependencies = (
			);
			name = Lol;
			productName = Lol;
			productReference = 0B2FA36A1D6862550002BA41 /* Lol.app */;
			productType = "com.apple.product-type.application";
		};
		0B2FA37D1D6862550002BA41 /* LolTests */ = {
			isa = PBXNativeTarget;
			buildConfigurationList = 0B2FA3951D6862550002BA41 /* Build configuration list for PBXNativeTarget "LolTests" */;
			buildPhases = (
				0B2FA37A1D6862550002BA41 /* Sources */,
				0B2FA37B1D6862550002BA41 /* Frameworks */,
				0B2FA37C1D6862550002BA41 /* Resources */,
			);
			buildRules = (
			);
			dependencies = (
				0B2FA3801D6862550002BA41 /* PBXTargetDependency */,
			);
			name = LolTests;
			productName = LolTests;
			productReference = 0B2FA37E1D6862550002BA41 /* LolTests.xctest */;
			productType = "com.apple.product-type.bundle.unit-test";
		};
		0B2FA3881D6862550002BA41 /* LolUITests */ = {
			isa = PBXNativeTarget;
			buildConfigurationList = 0B2FA3981D6862550002BA41 /* Build configuration list for PBXNativeTarget "LolUITests" */;
			buildPhases = (
				0B2FA3851D6862550002BA41 /* Sources */,
				0B2FA3861D6862550002BA41 /* Frameworks */,
				0B2FA3871D6862550002BA41 /* Resources */,
			);
			buildRules = (
			);
			dependencies = (
				0B2FA38B1D6862550002BA41 /* PBXTargetDependency */,
			);
			name = LolUITests;
			productName = LolUITests;
			productReference = 0B2FA3891D6862550002BA41 /* LolUITests.xctest */;
			productType = "com.apple.product-type.bundle.ui-testing";
		};
/* End PBXNativeTarget section */

/* Begin PBXProject section */
		0B2FA3621D6862550002BA41 /* Project object */ = {
			isa = PBXProject;
			attributes = {
				LastSwiftUpdateCheck = 0800;
				LastUpgradeCheck = 0800;
				ORGANIZATIONNAME = fufo;
				TargetAttributes = {
					0B2FA3691D6862550002BA41 = {
						CreatedOnToolsVersion = 8.0;
						ProvisioningStyle = Automatic;
					};
					0B2FA37D1D6862550002BA41 = {
						CreatedOnToolsVersion = 8.0;
						ProvisioningStyle = Automatic;
						TestTargetID = 0B2FA3691D6862550002BA41;
					};
					0B2FA3881D6862550002BA41 = {
						CreatedOnToolsVersion = 8.0;
						ProvisioningStyle = Automatic;
						TestTargetID = 0B2FA3691D6862550002BA41;
					};
				};
			};
			buildConfigurationList = 0B2FA3651D6862550002BA41 /* Build configuration list for PBXProject "Lol" */;
			compatibilityVersion = "Xcode 3.2";
			developmentRegion = English;
			hasScannedForEncodings = 0;
			knownRegions = (
				en,
				Base,
			);
			mainGroup = 0B2FA3611D6862550002BA41;
			productRefGroup = 0B2FA36B1D6862550002BA41 /* Products */;
			projectDirPath = "";
			projectRoot = "";
			targets = (
				0B2FA3691D6862550002BA41 /* Lol */,
				0B2FA37D1D6862550002BA41 /* LolTests */,
				0B2FA3881D6862550002BA41 /* LolUITests */,
			);
		};
/* End PBXProject section */

/* Begin PBXResourcesBuildPhase section */
		0B2FA3681D6862550002BA41 /* Resources */ = {
			isa = PBXResourcesBuildPhase;
			buildActionMask = 2147483647;
			files = (
				0B2FA3781D6862550002BA41 /* LaunchScreen.storyboard in Resources */,
				0B2FA3751D6862550002BA41 /* Assets.xcassets in Resources */,
				0B2FA3731D6862550002BA41 /* Main.storyboard in Resources */,
			);
			runOnlyForDeploymentPostprocessing = 0;
		};
		0B2FA37C1D6862550002BA41 /* Resources */ = {
			isa = PBXResourcesBuildPhase;
			buildActionMask = 2147483647;
			files = (
			);
			runOnlyForDeploymentPostprocessing = 0;
		};
		0B2FA3871D6862550002BA41 /* Resources */ = {
			isa = PBXResourcesBuildPhase;
			buildActionMask = 2147483647;
			files = (
			);
			runOnlyForDeploymentPostprocessing = 0;
		};
/* End PBXResourcesBuildPhase section */

/* Begin PBXSourcesBuildPhase section */
		0B2FA3661D6862550002BA41 /* Sources */ = {
			isa = PBXSourcesBuildPhase;
			buildActionMask = 2147483647;
			files = (
				0B2FA3701D6862550002BA41 /* ViewController.swift in Sources */,
				0B2FA36E1D6862550002BA41 /* AppDelegate.swift in Sources */,
			);
			runOnlyForDeploymentPostprocessing = 0;
		};
		0B2FA37A1D6862550002BA41 /* Sources */ = {
			isa = PBXSourcesBuildPhase;
			buildActionMask = 2147483647;
			files = (
				0B2FA3831D6862550002BA41 /* LolTests.swift in Sources */,
			);
			runOnlyForDeploymentPostprocessing = 0;
		};
		0B2FA3851D6862550002BA41 /* Sources */ = {
			isa = PBXSourcesBuildPhase;
			buildActionMask = 2147483647;
			files = (
				0B2FA38E1D6862550002BA41 /* LolUITests.swift in Sources */,
			);
			runOnlyForDeploymentPostprocessing = 0;
		};
/* End PBXSourcesBuildPhase section */

/* Begin PBXTargetDependency section */
		0B2FA3801D6862550002BA41 /* PBXTargetDependency */ = {
			isa = PBXTargetDependency;
			target = 0B2FA3691D6862550002BA41 /* Lol */;
			targetProxy = 0B2FA37F1D6862550002BA41 /* PBXContainerItemProxy */;
		};
		0B2FA38B1D6862550002BA41 /* PBXTargetDependency */ = {
			isa = PBXTargetDependency;
			target = 0B2FA3691D6862550002BA41 /* Lol */;
			targetProxy = 0B2FA38A1D6862550002BA41 /* PBXContainerItemProxy */;
		};
/* End PBXTargetDependency section */

/* Begin PBXVariantGroup section */
		0B2FA3711D6862550002BA41 /* Main.storyboard */ = {
			isa = PBXVariantGroup;
			children = (
				0B2FA3721D6862550002BA41 /* Base */,
			);
			name = Main.storyboard;
			sourceTree = "<group>";
		};
		0B2FA3761D6862550002BA41 /* LaunchScreen.storyboard */ = {
			isa = PBXVariantGroup;
			children = (
				0B2FA3771D6862550002BA41 /* Base */,
			);
			name = LaunchScreen.storyboard;
			sourceTree = "<group>";
		};
/* End PBXVariantGroup section */

/* Begin XCBuildConfiguration section */
		0B2FA3901D6862550002BA41 /* Debug */ = {
			isa = XCBuildConfiguration;
			buildSettings = {
				ALWAYS_SEARCH_USER_PATHS = NO;
				CLANG_ANALYZER_NONNULL = YES;
				CLANG_CXX_LANGUAGE_STANDARD = "gnu++0x";
				CLANG_CXX_LIBRARY = "libc++";
				CLANG_ENABLE_MODULES = YES;
				CLANG_ENABLE_OBJC_ARC = YES;
				CLANG_WARN_BOOL_CONVERSION = YES;
				CLANG_WARN_CONSTANT_CONVERSION = YES;
				CLANG_WARN_DIRECT_OBJC_ISA_USAGE = YES_ERROR;
				CLANG_WARN_DOCUMENTATION_COMMENTS = YES;
				CLANG_WARN_EMPTY_BODY = YES;
				CLANG_WARN_ENUM_CONVERSION = YES;
				CLANG_WARN_INT_CONVERSION = YES;
				CLANG_WARN_OBJC_ROOT_CLASS = YES_ERROR;
				CLANG_WARN_UNREACHABLE_CODE = YES;
				CLANG_WARN__DUPLICATE_METHOD_MATCH = YES;
				"CODE_SIGN_IDENTITY[sdk=iphoneos*]" = "iPhone Developer";
				COPY_PHASE_STRIP = NO;
				DEBUG_INFORMATION_FORMAT = dwarf;
				ENABLE_STRICT_OBJC_MSGSEND = YES;
				ENABLE_TESTABILITY = YES;
				GCC_C_LANGUAGE_STANDARD = gnu99;
				GCC_DYNAMIC_NO_PIC = NO;
				GCC_NO_COMMON_BLOCKS = YES;
				GCC_OPTIMIZATION_LEVEL = 0;
				GCC_PREPROCESSOR_DEFINITIONS = (
					"DEBUG=1",
					"$(inherited)",
				);
				GCC_WARN_64_TO_32_BIT_CONVERSION = YES;
				GCC_WARN_ABOUT_RETURN_TYPE = YES_ERROR;
				GCC_WARN_UNDECLARED_SELECTOR = YES;
				GCC_WARN_UNINITIALIZED_AUTOS = YES_AGGRESSIVE;
				GCC_WARN_UNUSED_FUNCTION = YES;
				GCC_WARN_UNUSED_VARIABLE = YES;
				IPHONEOS_DEPLOYMENT_TARGET = 10.0;
				MTL_ENABLE_DEBUG_INFO = YES;
				ONLY_ACTIVE_ARCH = YES;
				SDKROOT = iphoneos;
				SWIFT_ACTIVE_COMPILATION_CONDITIONS = DEBUG;
				SWIFT_OPTIMIZATION_LEVEL = "-Onone";
				TARGETED_DEVICE_FAMILY = "1,2";
			};
			name = Debug;
		};
		0B2FA3911D6862550002BA41 /* Release */ = {
			isa = XCBuildConfiguration;
			buildSettings = {
				ALWAYS_SEARCH_USER_PATHS = NO;
				CLANG_ANALYZER_NONNULL = YES;
				CLANG_CXX_LANGUAGE_STANDARD = "gnu++0x";
				CLANG_CXX_LIBRARY = "libc++";
				CLANG_ENABLE_MODULES = YES;
				CLANG_ENABLE_OBJC_ARC = YES;
				CLANG_WARN_BOOL_CONVERSION = YES;
				CLANG_WARN_CONSTANT_CONVERSION = YES;
				CLANG_WARN_DIRECT_OBJC_ISA_USAGE = YES_ERROR;
				CLANG_WARN_DOCUMENTATION_COMMENTS = YES;
				CLANG_WARN_EMPTY_BODY = YES;
				CLANG_WARN_ENUM_CONVERSION = YES;
				CLANG_WARN_INT_CONVERSION = YES;
				CLANG_WARN_OBJC_ROOT_CLASS = YES_ERROR;
				CLANG_WARN_UNREACHABLE_CODE = YES;
				CLANG_WARN__DUPLICATE_METHOD_MATCH = YES;
				"CODE_SIGN_IDENTITY[sdk=iphoneos*]" = "iPhone Developer";
				COPY_PHASE_STRIP = NO;
				DEBUG_INFORMATION_FORMAT = "dwarf-with-dsym";
				ENABLE_NS_ASSERTIONS = NO;
				ENABLE_STRICT_OBJC_MSGSEND = YES;
				GCC_C_LANGUAGE_STANDARD = gnu99;
				GCC_NO_COMMON_BLOCKS = YES;
				GCC_WARN_64_TO_32_BIT_CONVERSION = YES;
				GCC_WARN_ABOUT_RETURN_TYPE = YES_ERROR;
				GCC_WARN_UNDECLARED_SELECTOR = YES;
				GCC_WARN_UNINITIALIZED_AUTOS = YES_AGGRESSIVE;
				GCC_WARN_UNUSED_FUNCTION = YES;
				GCC_WARN_UNUSED_VARIABLE = YES;
				IPHONEOS_DEPLOYMENT_TARGET = 10.0;
				MTL_ENABLE_DEBUG_INFO = NO;
				SDKROOT = iphoneos;
				SWIFT_OPTIMIZATION_LEVEL = "-Owholemodule";
				TARGETED_DEVICE_FAMILY = "1,2";
				VALIDATE_PRODUCT = YES;
			};
			name = Release;
		};
		0B2FA3931D6862550002BA41 /* Debug */ = {
			isa = XCBuildConfiguration;
			buildSettings = {
				ASSETCATALOG_COMPILER_APPICON_NAME = AppIcon;
				INFOPLIST_FILE = Lol/Info.plist;
				LD_RUNPATH_SEARCH_PATHS = "$(inherited) @executable_path/Frameworks";
				PRODUCT_BUNDLE_IDENTIFIER = com.fufo.Lol;
				PRODUCT_NAME = "$(TARGET_NAME)";
				SWIFT_VERSION = 3.0;
			};
			name = Debug;
		};
		0B2FA3941D6862550002BA41 /* Release */ = {
			isa = XCBuildConfiguration;
			buildSettings = {
				ASSETCATALOG_COMPILER_APPICON_NAME = AppIcon;
				INFOPLIST_FILE = Lol/Info.plist;
				LD_RUNPATH_SEARCH_PATHS = "$(inherited) @executable_path/Frameworks";
				PRODUCT_BUNDLE_IDENTIFIER = com.fufo.Lol;
				PRODUCT_NAME = "$(TARGET_NAME)";
				SWIFT_VERSION = 3.0;
			};
			name = Release;
		};
		0B2FA3961D6862550002BA41 /* Debug */ = {
			isa = XCBuildConfiguration;
			buildSettings = {
				BUNDLE_LOADER = "$(TEST_HOST)";
				INFOPLIST_FILE = LolTests/Info.plist;
				LD_RUNPATH_SEARCH_PATHS = "$(inherited) @executable_path/Frameworks @loader_path/Frameworks";
				PRODUCT_BUNDLE_IDENTIFIER = com.fufo.LolTests;
				PRODUCT_NAME = "$(TARGET_NAME)";
				SWIFT_VERSION = 3.0;
				TEST_HOST = "$(BUILT_PRODUCTS_DIR)/Lol.app/Lol";
			};
			name = Debug;
		};
		0B2FA3971D6862550002BA41 /* Release */ = {
			isa = XCBuildConfiguration;
			buildSettings = {
				BUNDLE_LOADER = "$(TEST_HOST)";
				INFOPLIST_FILE = LolTests/Info.plist;
				LD_RUNPATH_SEARCH_PATHS = "$(inherited) @executable_path/Frameworks @loader_path/Frameworks";
				PRODUCT_BUNDLE_IDENTIFIER = com.fufo.LolTests;
				PRODUCT_NAME = "$(TARGET_NAME)";
				SWIFT_VERSION = 3.0;
				TEST_HOST = "$(BUILT_PRODUCTS_DIR)/Lol.app/Lol";
			};
			name = Release;
		};
		0B2FA3991D6862550002BA41 /* Debug */ = {
			isa = XCBuildConfiguration;
			buildSettings = {
				INFOPLIST_FILE = LolUITests/Info.plist;
				LD_RUNPATH_SEARCH_PATHS = "$(inherited) @executable_path/Frameworks @loader_path/Frameworks";
				PRODUCT_BUNDLE_IDENTIFIER = com.fufo.LolUITests;
				PRODUCT_NAME = "$(TARGET_NAME)";
				SWIFT_VERSION = 3.0;
				TEST_TARGET_NAME = Lol;
			};
			name = Debug;
		};
		0B2FA39A1D6862550002BA41 /* Release */ = {
			isa = XCBuildConfiguration;
			buildSettings = {
				INFOPLIST_FILE = LolUITests/Info.plist;
				LD_RUNPATH_SEARCH_PATHS = "$(inherited) @executable_path/Frameworks @loader_path/Frameworks";
				PRODUCT_BUNDLE_IDENTIFIER = com.fufo.LolUITests;
				PRODUCT_NAME = "$(TARGET_NAME)";
				SWIFT_VERSION = 3.0;
				TEST_TARGET_NAME = Lol;
			};
			name = Release;
		};
/* End XCBuildConfiguration section */

/* Begin XCConfigurationList section */
		0B2FA3651D6862550002BA41 /* Build configuration list for PBXProject "Lol" */ = {
			isa = XCConfigurationList;
			buildConfigurations = (
				0B2FA3901D6862550002BA41 /* Debug */,
				0B2FA3911D6862550002BA41 /* Release */,
			);
			defaultConfigurationIsVisible = 0;
			defaultConfigurationName = Release;
		};
		0B2FA3921D6862550002BA41 /* Build configuration list for PBXNativeTarget "Lol" */ = {
			isa = XCConfigurationList;
			buildConfigurations = (
				0B2FA3931D6862550002BA41 /* Debug */,
				0B2FA3941D6862550002BA41 /* Release */,
			);
			defaultConfigurationIsVisible = 0;
		};
		0B2FA3951D6862550002BA41 /* Build configuration list for PBXNativeTarget "LolTests" */ = {
			isa = XCConfigurationList;
			buildConfigurations = (
				0B2FA3961D6862550002BA41 /* Debug */,
				0B2FA3971D6862550002BA41 /* Release */,
			);
			defaultConfigurationIsVisible = 0;
		};
		0B2FA3981D6862550002BA41 /* Build configuration list for PBXNativeTarget "LolUITests" */ = {
			isa = XCConfigurationList;
			buildConfigurations = (
				0B2FA3991D6862550002BA41 /* Debug */,
				0B2FA39A1D6862550002BA41 /* Release */,
			);
			defaultConfigurationIsVisible = 0;
		};
/* End XCConfigurationList section */
	};
	rootObject = 0B2FA3621D6862550002BA41 /* Project object */;
}
